Microsoft Visual Studio Solution File, Format Version 12.00
# Visual Studio Version 17
VisualStudioVersion = 17.5.2.0
MinimumVisualStudioVersion = 10.0.40219.1
Project("{FAE04EC0-301F-11D3-BF4B-00C04F79EFBC}") = "BudgetManagement", "BudgetManagement.csproj", "{9D63E632-3C90-B319-7751-FB620823424B}"
EndProject
Global
	GlobalSection(SolutionConfigurationPlatforms) = preSolution
		Debug|Any CPU = Debug|Any CPU
		Release|Any CPU = Release|Any CPU
	EndGlobalSection
	GlobalSection(ProjectConfigurationPlatforms) = postSolution
		{9D63E632-3C90-B319-7751-FB620823424B}.Debug|Any CPU.ActiveCfg = Debug|Any CPU
		{9D63E632-3C90-B319-7751-FB620823424B}.Debug|Any CPU.Build.0 = Debug|Any CPU
		{9D63E632-3C90-B319-7751-FB620823424B}.Release|Any CPU.ActiveCfg = Release|Any CPU
		{9D63E632-3C90-B319-7751-FB620823424B}.Release|Any CPU.Build.0 = Release|Any CPU
	EndGlobalSection
	GlobalSection(SolutionProperties) = preSolution
		HideSolutionNode = FALSE
	EndGlobalSection
	GlobalSection(ExtensibilityGlobals) = postSolution
		SolutionGuid = {4C285F8B-421C-4DB7-9EA2-C816699DC4CC}
	EndGlobalSection
EndGlobal
